
Microsoft Visual Studio Solution File, Format Version 12.00
# Visual Studio Version 16
VisualStudioVersion = 16.0.30204.135
MinimumVisualStudioVersion = 10.0.40219.1
Project("{FAE04EC0-301F-11D3-BF4B-00C04F79EFBC}") = "Dan_LII_Bojana_Backo", "Dan_LII_Bojana_Backo\Dan_LII_Bojana_Backo.csproj", "{1145A4DE-9319-4AB2-AFF7-3329EDDDC78C}"
EndProject
Global
	GlobalSection(SolutionConfigurationPlatforms) = preSolution
		Debug|Any CPU = Debug|Any CPU
		Release|Any CPU = Release|Any CPU
	EndGlobalSection
	GlobalSection(ProjectConfigurationPlatforms) = postSolution
		{1145A4DE-9319-4AB2-AFF7-3329EDDDC78C}.Debug|Any CPU.ActiveCfg = Debug|Any CPU
		{1145A4DE-9319-4AB2-AFF7-3329EDDDC78C}.Debug|Any CPU.Build.0 = Debug|Any CPU
		{1145A4DE-9319-4AB2-AFF7-3329EDDDC78C}.Release|Any CPU.ActiveCfg = Release|Any CPU
		{1145A4DE-9319-4AB2-AFF7-3329EDDDC78C}.Release|Any CPU.Build.0 = Release|Any CPU
	EndGlobalSection
	GlobalSection(SolutionProperties) = preSolution
		HideSolutionNode = FALSE
	EndGlobalSection
	GlobalSection(ExtensibilityGlobals) = postSolution
		SolutionGuid = {50E845A4-7318-4179-875D-9F003229D254}
	EndGlobalSection
EndGlobal
